
Microsoft Visual Studio Solution File, Format Version 12.00
# Visual Studio Version 16
VisualStudioVersion = 16.0.29418.71
MinimumVisualStudioVersion = 10.0.40219.1
Project("{FAE04EC0-301F-11D3-BF4B-00C04F79EFBC}") = "EntradaPadrao", "EntradaPadrao\EntradaPadrao.csproj", "{5661A77F-4991-4DDC-A1C1-EDA610CD7838}"
EndProject
Global
	GlobalSection(SolutionConfigurationPlatforms) = preSolution
		Debug|Any CPU = Debug|Any CPU
		Release|Any CPU = Release|Any CPU
	EndGlobalSection
	GlobalSection(ProjectConfigurationPlatforms) = postSolution
		{5661A77F-4991-4DDC-A1C1-EDA610CD7838}.Debug|Any CPU.ActiveCfg = Debug|Any CPU
		{5661A77F-4991-4DDC-A1C1-EDA610CD7838}.Debug|Any CPU.Build.0 = Debug|Any CPU
		{5661A77F-4991-4DDC-A1C1-EDA610CD7838}.Release|Any CPU.ActiveCfg = Release|Any CPU
		{5661A77F-4991-4DDC-A1C1-EDA610CD7838}.Release|Any CPU.Build.0 = Release|Any CPU
	EndGlobalSection
	GlobalSection(SolutionProperties) = preSolution
		HideSolutionNode = FALSE
	EndGlobalSection
	GlobalSection(ExtensibilityGlobals) = postSolution
		SolutionGuid = {F2A55C6E-FA57-420A-8563-36752DE3EBC8}
	EndGlobalSection
EndGlobal
